
Microsoft Visual Studio Solution File, Format Version 12.00
# Visual Studio Version 17
VisualStudioVersion = 17.1.32421.90
MinimumVisualStudioVersion = 10.0.40219.1
Project("{FAE04EC0-301F-11D3-BF4B-00C04F79EFBC}") = "PathEditor", "PathEditor\PathEditor.csproj", "{B954A94E-76BE-4C31-B19D-544215AA7342}"
EndProject
Project("{FAE04EC0-301F-11D3-BF4B-00C04F79EFBC}") = "PathEditorTests", "PathEditorTests\PathEditorTests.csproj", "{3D8F0DB9-CB90-4D07-B2C6-42D047163365}"
EndProject
Global
	GlobalSection(SolutionConfigurationPlatforms) = preSolution
		Debug|Any CPU = Debug|Any CPU
		Release|Any CPU = Release|Any CPU
	EndGlobalSection
	GlobalSection(ProjectConfigurationPlatforms) = postSolution
		{B954A94E-76BE-4C31-B19D-544215AA7342}.Debug|Any CPU.ActiveCfg = Debug|Any CPU
		{B954A94E-76BE-4C31-B19D-544215AA7342}.Debug|Any CPU.Build.0 = Debug|Any CPU
		{B954A94E-76BE-4C31-B19D-544215AA7342}.Release|Any CPU.ActiveCfg = Release|Any CPU
		{B954A94E-76BE-4C31-B19D-544215AA7342}.Release|Any CPU.Build.0 = Release|Any CPU
		{3D8F0DB9-CB90-4D07-B2C6-42D047163365}.Debug|Any CPU.ActiveCfg = Debug|Any CPU
		{3D8F0DB9-CB90-4D07-B2C6-42D047163365}.Debug|Any CPU.Build.0 = Debug|Any CPU
		{3D8F0DB9-CB90-4D07-B2C6-42D047163365}.Release|Any CPU.ActiveCfg = Release|Any CPU
		{3D8F0DB9-CB90-4D07-B2C6-42D047163365}.Release|Any CPU.Build.0 = Release|Any CPU
	EndGlobalSection
	GlobalSection(SolutionProperties) = preSolution
		HideSolutionNode = FALSE
	EndGlobalSection
	GlobalSection(ExtensibilityGlobals) = postSolution
		SolutionGuid = {D811C940-E2FE-47AF-A61C-6C65D3E3A588}
	EndGlobalSection
EndGlobal
